
Microsoft Visual Studio Solution File, Format Version 12.00
# Visual Studio Version 16
VisualStudioVersion = 16.0.29403.142
MinimumVisualStudioVersion = 10.0.40219.1
Project("{FAE04EC0-301F-11D3-BF4B-00C04F79EFBC}") = "GetWay.Common", "ManagementLibrary.Common\GetWay.Common.csproj", "{71BEA9C7-7167-4E4C-A3D4-91B819D850E3}"
EndProject
Project("{FAE04EC0-301F-11D3-BF4B-00C04F79EFBC}") = "GetWay.Data", "ManagementLibrary.Data\GetWay.Data.csproj", "{9E772E0A-C17A-43A4-B48E-82BB22A00CF5}"
EndProject
Project("{FAE04EC0-301F-11D3-BF4B-00C04F79EFBC}") = "GetWay.Extension", "ManagementLibrary.Extension\GetWay.Extension.csproj", "{AC562516-94EB-4D70-9DCD-07CE70F40620}"
EndProject
Project("{FAE04EC0-301F-11D3-BF4B-00C04F79EFBC}") = "GetWay.Repository", "ManagementLibrary.Repository\GetWay.Repository.csproj", "{DAC54988-0F06-4B20-8747-E6B0A4EFFF03}"
EndProject
Project("{FAE04EC0-301F-11D3-BF4B-00C04F79EFBC}") = "GetWay.Service", "ManagementLibrary.Service\GetWay.Service.csproj", "{91742099-CB09-48F7-A062-C0C372100E1A}"
EndProject
Project("{FAE04EC0-301F-11D3-BF4B-00C04F79EFBC}") = "GetWay.API", "ManagementLibrary.API\GetWay.API.csproj", "{71C8A621-7439-4C67-8E03-94AB1A1D0940}"
EndProject
Global
	GlobalSection(SolutionConfigurationPlatforms) = preSolution
		Debug|Any CPU = Debug|Any CPU
		Release|Any CPU = Release|Any CPU
	EndGlobalSection
	GlobalSection(ProjectConfigurationPlatforms) = postSolution
		{71BEA9C7-7167-4E4C-A3D4-91B819D850E3}.Debug|Any CPU.ActiveCfg = Debug|Any CPU
		{71BEA9C7-7167-4E4C-A3D4-91B819D850E3}.Debug|Any CPU.Build.0 = Debug|Any CPU
		{71BEA9C7-7167-4E4C-A3D4-91B819D850E3}.Release|Any CPU.ActiveCfg = Release|Any CPU
		{71BEA9C7-7167-4E4C-A3D4-91B819D850E3}.Release|Any CPU.Build.0 = Release|Any CPU
		{9E772E0A-C17A-43A4-B48E-82BB22A00CF5}.Debug|Any CPU.ActiveCfg = Debug|Any CPU
		{9E772E0A-C17A-43A4-B48E-82BB22A00CF5}.Debug|Any CPU.Build.0 = Debug|Any CPU
		{9E772E0A-C17A-43A4-B48E-82BB22A00CF5}.Release|Any CPU.ActiveCfg = Release|Any CPU
		{9E772E0A-C17A-43A4-B48E-82BB22A00CF5}.Release|Any CPU.Build.0 = Release|Any CPU
		{AC562516-94EB-4D70-9DCD-07CE70F40620}.Debug|Any CPU.ActiveCfg = Debug|Any CPU
		{AC562516-94EB-4D70-9DCD-07CE70F40620}.Debug|Any CPU.Build.0 = Debug|Any CPU
		{AC562516-94EB-4D70-9DCD-07CE70F40620}.Release|Any CPU.ActiveCfg = Release|Any CPU
		{AC562516-94EB-4D70-9DCD-07CE70F40620}.Release|Any CPU.Build.0 = Release|Any CPU
		{DAC54988-0F06-4B20-8747-E6B0A4EFFF03}.Debug|Any CPU.ActiveCfg = Debug|Any CPU
		{DAC54988-0F06-4B20-8747-E6B0A4EFFF03}.Debug|Any CPU.Build.0 = Debug|Any CPU
		{DAC54988-0F06-4B20-8747-E6B0A4EFFF03}.Release|Any CPU.ActiveCfg = Release|Any CPU
		{DAC54988-0F06-4B20-8747-E6B0A4EFFF03}.Release|Any CPU.Build.0 = Release|Any CPU
		{91742099-CB09-48F7-A062-C0C372100E1A}.Debug|Any CPU.ActiveCfg = Debug|Any CPU
		{91742099-CB09-48F7-A062-C0C372100E1A}.Debug|Any CPU.Build.0 = Debug|Any CPU
		{91742099-CB09-48F7-A062-C0C372100E1A}.Release|Any CPU.ActiveCfg = Release|Any CPU
		{91742099-CB09-48F7-A062-C0C372100E1A}.Release|Any CPU.Build.0 = Release|Any CPU
		{71C8A621-7439-4C67-8E03-94AB1A1D0940}.Debug|Any CPU.ActiveCfg = Debug|Any CPU
		{71C8A621-7439-4C67-8E03-94AB1A1D0940}.Debug|Any CPU.Build.0 = Debug|Any CPU
		{71C8A621-7439-4C67-8E03-94AB1A1D0940}.Release|Any CPU.ActiveCfg = Release|Any CPU
		{71C8A621-7439-4C67-8E03-94AB1A1D0940}.Release|Any CPU.Build.0 = Release|Any CPU
	EndGlobalSection
	GlobalSection(SolutionProperties) = preSolution
		HideSolutionNode = FALSE
	EndGlobalSection
	GlobalSection(ExtensibilityGlobals) = postSolution
		SolutionGuid = {A984F026-1360-423D-AFA1-1699E0312A09}
	EndGlobalSection
EndGlobal
